Microsoft Visual Studio Solution File, Format Version 12.00
# Visual Studio Version 17
VisualStudioVersion = 17.10.35013.160
MinimumVisualStudioVersion = 10.0.40219.1
Project("{9A19103F-16F7-4668-BE54-9A1E7A4F7556}") = "TaskManager8", "TaskManager8\TaskManager8.csproj", "{9BF9133A-F648-4E33-8020-6106D047095C}"
EndProject
Project("{00D1A9C2-B5F0-4AF3-8072-F6C62B433612}") = "TaskManagerDB", "TaskManagerDB\TaskManagerDB.sqlproj", "{392267DD-4E37-4B2B-BF0B-C7A9241539F4}"
EndProject
Project("{9A19103F-16F7-4668-BE54-9A1E7A4F7556}") = "TaskManagerWebApp", "TaskManagerWebbApp\TaskManagerWebApp.csproj", "{D787399E-97ED-4BBA-84DD-D3E1FBF943A0}"
EndProject
Project("{9A19103F-16F7-4668-BE54-9A1E7A4F7556}") = "TaskManagerLibrary", "TaskManagerLibrary\TaskManagerLibrary.csproj", "{8D72BDDE-B968-4CDB-8C30-77A57850B5DF}"
EndProject
Project("{FAE04EC0-301F-11D3-BF4B-00C04F79EFBC}") = "UserTest", "UserTest\UserTest.csproj", "{1212DFBE-C02D-4D58-A982-278CE1EA6F1A}"
EndProject
Global
	GlobalSection(SolutionConfigurationPlatforms) = preSolution
		Debug|Any CPU = Debug|Any CPU
		Release|Any CPU = Release|Any CPU
	EndGlobalSection
	GlobalSection(ProjectConfigurationPlatforms) = postSolution
		{9BF9133A-F648-4E33-8020-6106D047095C}.Debug|Any CPU.ActiveCfg = Debug|Any CPU
		{9BF9133A-F648-4E33-8020-6106D047095C}.Debug|Any CPU.Build.0 = Debug|Any CPU
		{9BF9133A-F648-4E33-8020-6106D047095C}.Release|Any CPU.ActiveCfg = Release|Any CPU
		{9BF9133A-F648-4E33-8020-6106D047095C}.Release|Any CPU.Build.0 = Release|Any CPU
		{392267DD-4E37-4B2B-BF0B-C7A9241539F4}.Debug|Any CPU.ActiveCfg = Debug|Any CPU
		{392267DD-4E37-4B2B-BF0B-C7A9241539F4}.Debug|Any CPU.Build.0 = Debug|Any CPU
		{392267DD-4E37-4B2B-BF0B-C7A9241539F4}.Debug|Any CPU.Deploy.0 = Debug|Any CPU
		{392267DD-4E37-4B2B-BF0B-C7A9241539F4}.Release|Any CPU.ActiveCfg = Release|Any CPU
		{392267DD-4E37-4B2B-BF0B-C7A9241539F4}.Release|Any CPU.Build.0 = Release|Any CPU
		{392267DD-4E37-4B2B-BF0B-C7A9241539F4}.Release|Any CPU.Deploy.0 = Release|Any CPU
		{D787399E-97ED-4BBA-84DD-D3E1FBF943A0}.Debug|Any CPU.ActiveCfg = Debug|Any CPU
		{D787399E-97ED-4BBA-84DD-D3E1FBF943A0}.Debug|Any CPU.Build.0 = Debug|Any CPU
		{D787399E-97ED-4BBA-84DD-D3E1FBF943A0}.Release|Any CPU.ActiveCfg = Release|Any CPU
		{D787399E-97ED-4BBA-84DD-D3E1FBF943A0}.Release|Any CPU.Build.0 = Release|Any CPU
		{8D72BDDE-B968-4CDB-8C30-77A57850B5DF}.Debug|Any CPU.ActiveCfg = Debug|Any CPU
		{8D72BDDE-B968-4CDB-8C30-77A57850B5DF}.Debug|Any CPU.Build.0 = Debug|Any CPU
		{8D72BDDE-B968-4CDB-8C30-77A57850B5DF}.Release|Any CPU.ActiveCfg = Release|Any CPU
		{8D72BDDE-B968-4CDB-8C30-77A57850B5DF}.Release|Any CPU.Build.0 = Release|Any CPU
		{1212DFBE-C02D-4D58-A982-278CE1EA6F1A}.Debug|Any CPU.ActiveCfg = Debug|Any CPU
		{1212DFBE-C02D-4D58-A982-278CE1EA6F1A}.Debug|Any CPU.Build.0 = Debug|Any CPU
		{1212DFBE-C02D-4D58-A982-278CE1EA6F1A}.Release|Any CPU.ActiveCfg = Release|Any CPU
		{1212DFBE-C02D-4D58-A982-278CE1EA6F1A}.Release|Any CPU.Build.0 = Release|Any CPU
	EndGlobalSection
	GlobalSection(SolutionProperties) = preSolution
		HideSolutionNode = FALSE
	EndGlobalSection
	GlobalSection(ExtensibilityGlobals) = postSolution
		SolutionGuid = {A23D3028-FE20-4338-8B42-8A14C5A97114}
	EndGlobalSection
EndGlobal
